
Microsoft Visual Studio Solution File, Format Version 12.00
# Visual Studio Version 17
VisualStudioVersion = 17.8.34330.188
MinimumVisualStudioVersion = 10.0.40219.1
Project("{9A19103F-16F7-4668-BE54-9A1E7A4F7556}") = "POSTGESQLCRUD.BLL", "POSTGESQLCRUD.BLL\POSTGESQLCRUD.BLL.csproj", "{EE81744A-1B6D-4F0D-88C3-16EE50E6B4E5}"
EndProject
Project("{9A19103F-16F7-4668-BE54-9A1E7A4F7556}") = "POSTGESQLCRUD.DAL", "POSTGESQLCRUD.DAL\POSTGESQLCRUD.DAL.csproj", "{BB3DC084-3827-43F0-A18F-F235FAF978BA}"
EndProject
Project("{9A19103F-16F7-4668-BE54-9A1E7A4F7556}") = "POSTGESQLCRUD.UI", "POSTGESQLCRUD.UI\POSTGESQLCRUD.UI.csproj", "{3CCF152B-9147-4E76-ADD9-EF5A84784A29}"
EndProject
Global
	GlobalSection(SolutionConfigurationPlatforms) = preSolution
		Debug|Any CPU = Debug|Any CPU
		Release|Any CPU = Release|Any CPU
	EndGlobalSection
	GlobalSection(ProjectConfigurationPlatforms) = postSolution
		{EE81744A-1B6D-4F0D-88C3-16EE50E6B4E5}.Debug|Any CPU.ActiveCfg = Debug|Any CPU
		{EE81744A-1B6D-4F0D-88C3-16EE50E6B4E5}.Debug|Any CPU.Build.0 = Debug|Any CPU
		{EE81744A-1B6D-4F0D-88C3-16EE50E6B4E5}.Release|Any CPU.ActiveCfg = Release|Any CPU
		{EE81744A-1B6D-4F0D-88C3-16EE50E6B4E5}.Release|Any CPU.Build.0 = Release|Any CPU
		{BB3DC084-3827-43F0-A18F-F235FAF978BA}.Debug|Any CPU.ActiveCfg = Debug|Any CPU
		{BB3DC084-3827-43F0-A18F-F235FAF978BA}.Debug|Any CPU.Build.0 = Debug|Any CPU
		{BB3DC084-3827-43F0-A18F-F235FAF978BA}.Release|Any CPU.ActiveCfg = Release|Any CPU
		{BB3DC084-3827-43F0-A18F-F235FAF978BA}.Release|Any CPU.Build.0 = Release|Any CPU
		{3CCF152B-9147-4E76-ADD9-EF5A84784A29}.Debug|Any CPU.ActiveCfg = Debug|Any CPU
		{3CCF152B-9147-4E76-ADD9-EF5A84784A29}.Debug|Any CPU.Build.0 = Debug|Any CPU
		{3CCF152B-9147-4E76-ADD9-EF5A84784A29}.Release|Any CPU.ActiveCfg = Release|Any CPU
		{3CCF152B-9147-4E76-ADD9-EF5A84784A29}.Release|Any CPU.Build.0 = Release|Any CPU
	EndGlobalSection
	GlobalSection(SolutionProperties) = preSolution
		HideSolutionNode = FALSE
	EndGlobalSection
	GlobalSection(ExtensibilityGlobals) = postSolution
		SolutionGuid = {9E4BC29D-28C9-4D22-BCD0-240D7ECB94A0}
	EndGlobalSection
EndGlobal
